Microsoft Visual Studio Solution File, Format Version 12.00
# Visual Studio Version 17
VisualStudioVersion = 17.0.31903.59
MinimumVisualStudioVersion = 10.0.40219.1
Project("{9A19103F-16F7-4668-BE54-9A1E7A4F7556}") = "MetaButton", "MetaButton\MetaButton.csproj", "{9E53643E-BF05-4607-B7E4-948517ECB9BE}"
EndProject
Project("{9A19103F-16F7-4668-BE54-9A1E7A4F7556}") = "MetaButton.Sketch", "MetaButton.Sketch\MetaButton.Sketch.csproj", "{51B39342-9547-40E4-AC6C-0C106036F4CC}"
EndProject
Global
	GlobalSection(SolutionConfigurationPlatforms) = preSolution
		Debug|Any CPU = Debug|Any CPU
		Release|Any CPU = Release|Any CPU
	EndGlobalSection
	GlobalSection(ProjectConfigurationPlatforms) = postSolution
		{9E53643E-BF05-4607-B7E4-948517ECB9BE}.Debug|Any CPU.ActiveCfg = Debug|Any CPU
		{9E53643E-BF05-4607-B7E4-948517ECB9BE}.Debug|Any CPU.Build.0 = Debug|Any CPU
		{9E53643E-BF05-4607-B7E4-948517ECB9BE}.Release|Any CPU.ActiveCfg = Release|Any CPU
		{9E53643E-BF05-4607-B7E4-948517ECB9BE}.Release|Any CPU.Build.0 = Release|Any CPU
		{51B39342-9547-40E4-AC6C-0C106036F4CC}.Debug|Any CPU.ActiveCfg = Debug|Any CPU
		{51B39342-9547-40E4-AC6C-0C106036F4CC}.Debug|Any CPU.Build.0 = Debug|Any CPU
		{51B39342-9547-40E4-AC6C-0C106036F4CC}.Release|Any CPU.ActiveCfg = Release|Any CPU
		{51B39342-9547-40E4-AC6C-0C106036F4CC}.Release|Any CPU.Build.0 = Release|Any CPU
	EndGlobalSection
	GlobalSection(SolutionProperties) = preSolution
		HideSolutionNode = FALSE
	EndGlobalSection
	GlobalSection(ExtensibilityGlobals) = postSolution
		SolutionGuid = {870AAA66-0D5A-43F7-AC2E-BD9D40287115}
	EndGlobalSection
EndGlobal
